PODS:
  - Alamofire (4.4.0)
  - MBProgressHUD (1.0.0)
  - Realm (2.8.0):
    - Realm/Headers (= 2.8.0)
  - Realm/Headers (2.8.0)
  - RealmSwift (2.8.0):
    - Realm (= 2.8.0)
  - SwiftyJSON (3.1.4)

DEPENDENCIES:
  - Alamofire (~> 4.4)
  - MBProgressHUD (~> 1.0.0)
  - RealmSwift
  - SwiftyJSON

SPEC CHECKSUMS:
  Alamofire: dc44b1600b800eb63da6a19039a0083d62a6a62d
  MBProgressHUD: 4890f671c94e8a0f3cf959aa731e9de2f036d71a
  Realm: 929243ad2b618b3232e70658bedc61110e7563f1
  RealmSwift: 5b7079b891f2833d1849294161ba3e092bbda3f6
  SwiftyJSON: c2842d878f95482ffceec5709abc3d05680c0220

PODFILE CHECKSUM: eab0176b9ebbc3f2e4db8372688655e835b7f077

COCOAPODS: 1.1.1
